
Microsoft Visual Studio Solution File, Format Version 12.00
# Visual Studio 15
VisualStudioVersion = 15.0.27130.2026
MinimumVisualStudioVersion = 10.0.40219.1
Project("{9A19103F-16F7-4668-BE54-9A1E7A4F7556}") = "FilmClient", "FilmClient.csproj", "{B81BC1B2-8FC6-4A57-BDE8-B74FFF584CF8}"
EndProject
Project("{FAE04EC0-301F-11D3-BF4B-00C04F79EFBC}") = "FilmClient.Tests", "FilmClient.Tests\FilmClient.Tests.csproj", "{8AC19B43-E4D1-4C16-AF7D-9292B830C3F4}"
EndProject
Global
	GlobalSection(SolutionConfigurationPlatforms) = preSolution
		Debug|Any CPU = Debug|Any CPU
		Release|Any CPU = Release|Any CPU
	EndGlobalSection
	GlobalSection(ProjectConfigurationPlatforms) = postSolution
		{B81BC1B2-8FC6-4A57-BDE8-B74FFF584CF8}.Debug|Any CPU.ActiveCfg = Debug|Any CPU
		{B81BC1B2-8FC6-4A57-BDE8-B74FFF584CF8}.Debug|Any CPU.Build.0 = Debug|Any CPU
		{B81BC1B2-8FC6-4A57-BDE8-B74FFF584CF8}.Release|Any CPU.ActiveCfg = Release|Any CPU
		{B81BC1B2-8FC6-4A57-BDE8-B74FFF584CF8}.Release|Any CPU.Build.0 = Release|Any CPU
		{8AC19B43-E4D1-4C16-AF7D-9292B830C3F4}.Debug|Any CPU.ActiveCfg = Debug|Any CPU
		{8AC19B43-E4D1-4C16-AF7D-9292B830C3F4}.Debug|Any CPU.Build.0 = Debug|Any CPU
		{8AC19B43-E4D1-4C16-AF7D-9292B830C3F4}.Release|Any CPU.ActiveCfg = Release|Any CPU
		{8AC19B43-E4D1-4C16-AF7D-9292B830C3F4}.Release|Any CPU.Build.0 = Release|Any CPU
	EndGlobalSection
	GlobalSection(SolutionProperties) = preSolution
		HideSolutionNode = FALSE
	EndGlobalSection
	GlobalSection(ExtensibilityGlobals) = postSolution
		SolutionGuid = {4BA64F97-5E9D-4638-80D9-D330A63A3899}
	EndGlobalSection
EndGlobal
