
Microsoft Visual Studio Solution File, Format Version 12.00
# Visual Studio 15
VisualStudioVersion = 15.0.27130.2010
MinimumVisualStudioVersion = 10.0.40219.1
Project("{9A19103F-16F7-4668-BE54-9A1E7A4F7556}") = "FilmClient", "FilmClient.csproj", "{B81BC1B2-8FC6-4A57-BDE8-B74FFF584CF8}"
EndProject
Global
	GlobalSection(SolutionConfigurationPlatforms) = preSolution
		Debug|Any CPU = Debug|Any CPU
		Release|Any CPU = Release|Any CPU
	EndGlobalSection
	GlobalSection(ProjectConfigurationPlatforms) = postSolution
		{B81BC1B2-8FC6-4A57-BDE8-B74FFF584CF8}.Debug|Any CPU.ActiveCfg = Debug|Any CPU
		{B81BC1B2-8FC6-4A57-BDE8-B74FFF584CF8}.Debug|Any CPU.Build.0 = Debug|Any CPU
		{B81BC1B2-8FC6-4A57-BDE8-B74FFF584CF8}.Release|Any CPU.ActiveCfg = Release|Any CPU
		{B81BC1B2-8FC6-4A57-BDE8-B74FFF584CF8}.Release|Any CPU.Build.0 = Release|Any CPU
	EndGlobalSection
	GlobalSection(SolutionProperties) = preSolution
		HideSolutionNode = FALSE
	EndGlobalSection
	GlobalSection(ExtensibilityGlobals) = postSolution
		SolutionGuid = {4BA64F97-5E9D-4638-80D9-D330A63A3899}
	EndGlobalSection
EndGlobal
